// !$*UTF8*$!
{
	archiveVersion = 1;
	classes = {
	};
	objectVersion = 56;
	objects = {

/* Begin PBXBuildFile section */
		5F06CAE42BEA938300974DA1 /* bright_widget_appApp.swift in Sources */ = {isa = PBXBuildFile; fileRef = 5F06CAE32BEA938300974DA1 /* bright_widget_appApp.swift */; };
		5F06CAE82BEA938400974DA1 /* Assets.xcassets in Resources */ = {isa = PBXBuildFile; fileRef = 5F06CAE72BEA938400974DA1 /* Assets.xcassets */; };
		5F06CAEB2BEA938400974DA1 /* Preview Assets.xcassets in Resources */ = {isa = PBXBuildFile; fileRef = 5F06CAEA2BEA938400974DA1 /* Preview Assets.xcassets */; };
		5F06CAF22BEA941C00974DA1 /* sample1.json in Resources */ = {isa = PBXBuildFile; fileRef = 5F06CAF12BEA941C00974DA1 /* sample1.json */; };
		5F06CAF62BEA94C500974DA1 /* ViewModel.swift in Sources */ = {isa = PBXBuildFile; fileRef = 5F06CAF52BEA94C500974DA1 /* ViewModel.swift */; };
		5F06CAF92BEA958000974DA1 /* Dependencies in Frameworks */ = {isa = PBXBuildFile; productRef = 5F06CAF82BEA958000974DA1 /* Dependencies */; };
		5F06CAFB2BEA958000974DA1 /* DependenciesMacros in Frameworks */ = {isa = PBXBuildFile; productRef = 5F06CAFA2BEA958000974DA1 /* DependenciesMacros */; };
		5F06CAFD2BEA95F700974DA1 /* HomeRepository.swift in Sources */ = {isa = PBXBuildFile; fileRef = 5F06CAFC2BEA95F700974DA1 /* HomeRepository.swift */; };
		5F06CAFF2BEA96FD00974DA1 /* HomeRepositoryError.swift in Sources */ = {isa = PBXBuildFile; fileRef = 5F06CAFE2BEA96FD00974DA1 /* HomeRepositoryError.swift */; };
		5F06CB012BEA970900974DA1 /* EnergyResponse.swift in Sources */ = {isa = PBXBuildFile; fileRef = 5F06CB002BEA970900974DA1 /* EnergyResponse.swift */; };
		5F06CB032BEA974F00974DA1 /* StandardHomeRepository.swift in Sources */ = {isa = PBXBuildFile; fileRef = 5F06CB022BEA974F00974DA1 /* StandardHomeRepository.swift */; };
		5F06CB052BEA97C500974DA1 /* DataProvider.swift in Sources */ = {isa = PBXBuildFile; fileRef = 5F06CB042BEA97C500974DA1 /* DataProvider.swift */; };
		5F06CB092BEA98AC00974DA1 /* LocalDataProvider.swift in Sources */ = {isa = PBXBuildFile; fileRef = 5F06CB082BEA98AC00974DA1 /* LocalDataProvider.swift */; };
		5F06CB0C2BEA9B6C00974DA1 /* LocalDataProvider+Dependencies.swift in Sources */ = {isa = PBXBuildFile; fileRef = 5F06CB0B2BEA9B6C00974DA1 /* LocalDataProvider+Dependencies.swift */; };
		5F06CB0F2BEA9BE100974DA1 /* HomeViewModel.swift in Sources */ = {isa = PBXBuildFile; fileRef = 5F06CB0E2BEA9BE100974DA1 /* HomeViewModel.swift */; };
		5F06CB132BEA9DB400974DA1 /* HomeViewState.swift in Sources */ = {isa = PBXBuildFile; fileRef = 5F06CB122BEA9DB400974DA1 /* HomeViewState.swift */; };
		5F06CB152BEA9DBA00974DA1 /* HomeViewEvent.swift in Sources */ = {isa = PBXBuildFile; fileRef = 5F06CB142BEA9DBA00974DA1 /* HomeViewEvent.swift */; };
		5F06CB172BEA9E3600974DA1 /* HomeRepository+Dependencies.swift in Sources */ = {isa = PBXBuildFile; fileRef = 5F06CB162BEA9E3600974DA1 /* HomeRepository+Dependencies.swift */; };
		5F06CB192BEAA0AB00974DA1 /* HomeView.swift in Sources */ = {isa = PBXBuildFile; fileRef = 5F06CB182BEAA0AB00974DA1 /* HomeView.swift */; };
		5F06CB1B2BEAA2E900974DA1 /* Response.swift in Sources */ = {isa = PBXBuildFile; fileRef = 5F06CB1A2BEAA2E900974DA1 /* Response.swift */; };
		5F06CB1E2BEAA3CE00974DA1 /* Spacing.swift in Sources */ = {isa = PBXBuildFile; fileRef = 5F06CB1D2BEAA3CE00974DA1 /* Spacing.swift */; };
		5F06CB202BEAA50A00974DA1 /* TextStyle.swift in Sources */ = {isa = PBXBuildFile; fileRef = 5F06CB1F2BEAA50A00974DA1 /* TextStyle.swift */; };
		5F06CB232BEAA7E800974DA1 /* TextStyle+Styles.swift in Sources */ = {isa = PBXBuildFile; fileRef = 5F06CB222BEAA7E800974DA1 /* TextStyle+Styles.swift */; };
		5F06CB3F2BEAAB2C00974DA1 /* Satoshi-Light.otf in Resources */ = {isa = PBXBuildFile; fileRef = 5F06CB352BEAAB2B00974DA1 /* Satoshi-Light.otf */; };
		5F06CB402BEAAB2C00974DA1 /* Satoshi-Italic.otf in Resources */ = {isa = PBXBuildFile; fileRef = 5F06CB362BEAAB2B00974DA1 /* Satoshi-Italic.otf */; };
		5F06CB412BEAAB2C00974DA1 /* Satoshi-MediumItalic.otf in Resources */ = {isa = PBXBuildFile; fileRef = 5F06CB372BEAAB2B00974DA1 /* Satoshi-MediumItalic.otf */; };
		5F06CB422BEAAB2C00974DA1 /* Satoshi-LightItalic.otf in Resources */ = {isa = PBXBuildFile; fileRef = 5F06CB382BEAAB2B00974DA1 /* Satoshi-LightItalic.otf */; };
		5F06CB432BEAAB2C00974DA1 /* Satoshi-Black.otf in Resources */ = {isa = PBXBuildFile; fileRef = 5F06CB392BEAAB2B00974DA1 /* Satoshi-Black.otf */; };
		5F06CB442BEAAB2C00974DA1 /* Satoshi-Medium.otf in Resources */ = {isa = PBXBuildFile; fileRef = 5F06CB3A2BEAAB2B00974DA1 /* Satoshi-Medium.otf */; };
		5F06CB452BEAAB2C00974DA1 /* Satoshi-BlackItalic.otf in Resources */ = {isa = PBXBuildFile; fileRef = 5F06CB3B2BEAAB2B00974DA1 /* Satoshi-BlackItalic.otf */; };
		5F06CB462BEAAB2C00974DA1 /* Satoshi-Regular.otf in Resources */ = {isa = PBXBuildFile; fileRef = 5F06CB3C2BEAAB2B00974DA1 /* Satoshi-Regular.otf */; };
		5F06CB472BEAAB2C00974DA1 /* Satoshi-Bold.otf in Resources */ = {isa = PBXBuildFile; fileRef = 5F06CB3D2BEAAB2B00974DA1 /* Satoshi-Bold.otf */; };
		5F06CB482BEAAB2C00974DA1 /* Satoshi-BoldItalic.otf in Resources */ = {isa = PBXBuildFile; fileRef = 5F06CB3E2BEAAB2B00974DA1 /* Satoshi-BoldItalic.otf */; };
		5F06CB4A2BEACEC900974DA1 /* Radius.swift in Sources */ = {isa = PBXBuildFile; fileRef = 5F06CB492BEACEC900974DA1 /* Radius.swift */; };
		5F06CB4C2BEAD09700974DA1 /* Palette.swift in Sources */ = {isa = PBXBuildFile; fileRef = 5F06CB4B2BEAD09700974DA1 /* Palette.swift */; };
		5F08C92F2BEB53DA00BED4E9 /* Line.swift in Sources */ = {isa = PBXBuildFile; fileRef = 5F08C92E2BEB53DA00BED4E9 /* Line.swift */; };
		5FFC55732BEB6823001A1274 /* LineChartView.swift in Sources */ = {isa = PBXBuildFile; fileRef = 5FFC55722BEB6823001A1274 /* LineChartView.swift */; };
		5FFC55752BEB7D93001A1274 /* String+toDate.swift in Sources */ = {isa = PBXBuildFile; fileRef = 5FFC55742BEB7D93001A1274 /* String+toDate.swift */; };
		5FFC55792BEB8130001A1274 /* FetchEnergyUseCase.swift in Sources */ = {isa = PBXBuildFile; fileRef = 5FFC55782BEB8130001A1274 /* FetchEnergyUseCase.swift */; };
		5FFC557B2BEB815E001A1274 /* StandardFetchEnergyUseCase.swift in Sources */ = {isa = PBXBuildFile; fileRef = 5FFC557A2BEB815E001A1274 /* StandardFetchEnergyUseCase.swift */; };
		5FFC557D2BEB81D0001A1274 /* FetchEnergyUseCase+Dependencies.swift in Sources */ = {isa = PBXBuildFile; fileRef = 5FFC557C2BEB81D0001A1274 /* FetchEnergyUseCase+Dependencies.swift */; };
		5FFC55852BEB8456001A1274 /* bright_widget_appTests.swift in Sources */ = {isa = PBXBuildFile; fileRef = 5FFC55842BEB8456001A1274 /* bright_widget_appTests.swift */; };
		5FFC558C2BEB84A1001A1274 /* MockHomeRepository.swift in Sources */ = {isa = PBXBuildFile; fileRef = 5FFC558B2BEB84A1001A1274 /* MockHomeRepository.swift */; };
		5FFC558E2BEB85CD001A1274 /* MockFetchEnergyUseCase.swift in Sources */ = {isa = PBXBuildFile; fileRef = 5FFC558D2BEB85CD001A1274 /* MockFetchEnergyUseCase.swift */; };
		5FFC55902BEB86E3001A1274 /* StandardFetchEnergyUseCaseTests.swift in Sources */ = {isa = PBXBuildFile; fileRef = 5FFC558F2BEB86E3001A1274 /* StandardFetchEnergyUseCaseTests.swift */; };
		5FFC55922BEB87BB001A1274 /* HomeViewModelTests.swift in Sources */ = {isa = PBXBuildFile; fileRef = 5FFC55912BEB87BB001A1274 /* HomeViewModelTests.swift */; };
/* End PBXBuildFile section */

/* Begin PBXContainerItemProxy section */
		5FFC55862BEB8456001A1274 /* PBXContainerItemProxy */ = {
			isa = PBXContainerItemProxy;
			containerPortal = 5F06CAD82BEA938300974DA1 /* Project object */;
			proxyType = 1;
			remoteGlobalIDString = 5F06CADF2BEA938300974DA1;
			remoteInfo = "bright-widget-app";
		};
/* End PBXContainerItemProxy section */

/* Begin PBXFileReference section */
		5F06CAE02BEA938300974DA1 /* bright-widget-app.app */ = {isa = PBXFileReference; explicitFileType = wrapper.application; includeInIndex = 0; path = "bright-widget-app.app"; sourceTree = BUILT_PRODUCTS_DIR; };
		5F06CAE32BEA938300974DA1 /* bright_widget_appApp.swift */ = {isa = PBXFileReference; lastKnownFileType = sourcecode.swift; path = bright_widget_appApp.swift; sourceTree = "<group>"; };
		5F06CAE72BEA938400974DA1 /* Assets.xcassets */ = {isa = PBXFileReference; lastKnownFileType = folder.assetcatalog; path = Assets.xcassets; sourceTree = "<group>"; };
		5F06CAEA2BEA938400974DA1 /* Preview Assets.xcassets */ = {isa = PBXFileReference; lastKnownFileType = folder.assetcatalog; path = "Preview Assets.xcassets"; sourceTree = "<group>"; };
		5F06CAF12BEA941C00974DA1 /* sample1.json */ = {isa = PBXFileReference; fileEncoding = 4; lastKnownFileType = text.json; path = sample1.json; sourceTree = "<group>"; };
		5F06CAF52BEA94C500974DA1 /* ViewModel.swift */ = {isa = PBXFileReference; lastKnownFileType = sourcecode.swift; path = ViewModel.swift; sourceTree = "<group>"; };
		5F06CAFC2BEA95F700974DA1 /* HomeRepository.swift */ = {isa = PBXFileReference; lastKnownFileType = sourcecode.swift; path = HomeRepository.swift; sourceTree = "<group>"; };
		5F06CAFE2BEA96FD00974DA1 /* HomeRepositoryError.swift */ = {isa = PBXFileReference; lastKnownFileType = sourcecode.swift; path = HomeRepositoryError.swift; sourceTree = "<group>"; };
		5F06CB002BEA970900974DA1 /* EnergyResponse.swift */ = {isa = PBXFileReference; lastKnownFileType = sourcecode.swift; path = EnergyResponse.swift; sourceTree = "<group>"; };
		5F06CB022BEA974F00974DA1 /* StandardHomeRepository.swift */ = {isa = PBXFileReference; lastKnownFileType = sourcecode.swift; path = StandardHomeRepository.swift; sourceTree = "<group>"; };
		5F06CB042BEA97C500974DA1 /* DataProvider.swift */ = {isa = PBXFileReference; lastKnownFileType = sourcecode.swift; path = DataProvider.swift; sourceTree = "<group>"; };
		5F06CB082BEA98AC00974DA1 /* LocalDataProvider.swift */ = {isa = PBXFileReference; lastKnownFileType = sourcecode.swift; path = LocalDataProvider.swift; sourceTree = "<group>"; };
		5F06CB0B2BEA9B6C00974DA1 /* LocalDataProvider+Dependencies.swift */ = {isa = PBXFileReference; lastKnownFileType = sourcecode.swift; path = "LocalDataProvider+Dependencies.swift"; sourceTree = "<group>"; };
		5F06CB0E2BEA9BE100974DA1 /* HomeViewModel.swift */ = {isa = PBXFileReference; lastKnownFileType = sourcecode.swift; path = HomeViewModel.swift; sourceTree = "<group>"; };
		5F06CB122BEA9DB400974DA1 /* HomeViewState.swift */ = {isa = PBXFileReference; lastKnownFileType = sourcecode.swift; path = HomeViewState.swift; sourceTree = "<group>"; };
		5F06CB142BEA9DBA00974DA1 /* HomeViewEvent.swift */ = {isa = PBXFileReference; lastKnownFileType = sourcecode.swift; path = HomeViewEvent.swift; sourceTree = "<group>"; };
		5F06CB162BEA9E3600974DA1 /* HomeRepository+Dependencies.swift */ = {isa = PBXFileReference; lastKnownFileType = sourcecode.swift; path = "HomeRepository+Dependencies.swift"; sourceTree = "<group>"; };
		5F06CB182BEAA0AB00974DA1 /* HomeView.swift */ = {isa = PBXFileReference; lastKnownFileType = sourcecode.swift; path = HomeView.swift; sourceTree = "<group>"; };
		5F06CB1A2BEAA2E900974DA1 /* Response.swift */ = {isa = PBXFileReference; lastKnownFileType = sourcecode.swift; path = Response.swift; sourceTree = "<group>"; };
		5F06CB1D2BEAA3CE00974DA1 /* Spacing.swift */ = {isa = PBXFileReference; lastKnownFileType = sourcecode.swift; path = Spacing.swift; sourceTree = "<group>"; };
		5F06CB1F2BEAA50A00974DA1 /* TextStyle.swift */ = {isa = PBXFileReference; lastKnownFileType = sourcecode.swift; path = TextStyle.swift; sourceTree = "<group>"; };
		5F06CB222BEAA7E800974DA1 /* TextStyle+Styles.swift */ = {isa = PBXFileReference; lastKnownFileType = sourcecode.swift; path = "TextStyle+Styles.swift"; sourceTree = "<group>"; };
		5F06CB2F2BEAA8CF00974DA1 /* Info.plist */ = {isa = PBXFileReference; lastKnownFileType = text.plist; path = Info.plist; sourceTree = "<group>"; };
		5F06CB352BEAAB2B00974DA1 /* Satoshi-Light.otf */ = {isa = PBXFileReference; lastKnownFileType = file; path = "Satoshi-Light.otf"; sourceTree = "<group>"; };
		5F06CB362BEAAB2B00974DA1 /* Satoshi-Italic.otf */ = {isa = PBXFileReference; lastKnownFileType = file; path = "Satoshi-Italic.otf"; sourceTree = "<group>"; };
		5F06CB372BEAAB2B00974DA1 /* Satoshi-MediumItalic.otf */ = {isa = PBXFileReference; lastKnownFileType = file; path = "Satoshi-MediumItalic.otf"; sourceTree = "<group>"; };
		5F06CB382BEAAB2B00974DA1 /* Satoshi-LightItalic.otf */ = {isa = PBXFileReference; lastKnownFileType = file; path = "Satoshi-LightItalic.otf"; sourceTree = "<group>"; };
		5F06CB392BEAAB2B00974DA1 /* Satoshi-Black.otf */ = {isa = PBXFileReference; lastKnownFileType = file; path = "Satoshi-Black.otf"; sourceTree = "<group>"; };
		5F06CB3A2BEAAB2B00974DA1 /* Satoshi-Medium.otf */ = {isa = PBXFileReference; lastKnownFileType = file; path = "Satoshi-Medium.otf"; sourceTree = "<group>"; };
		5F06CB3B2BEAAB2B00974DA1 /* Satoshi-BlackItalic.otf */ = {isa = PBXFileReference; lastKnownFileType = file; path = "Satoshi-BlackItalic.otf"; sourceTree = "<group>"; };
		5F06CB3C2BEAAB2B00974DA1 /* Satoshi-Regular.otf */ = {isa = PBXFileReference; lastKnownFileType = file; path = "Satoshi-Regular.otf"; sourceTree = "<group>"; };
		5F06CB3D2BEAAB2B00974DA1 /* Satoshi-Bold.otf */ = {isa = PBXFileReference; lastKnownFileType = file; path = "Satoshi-Bold.otf"; sourceTree = "<group>"; };
		5F06CB3E2BEAAB2B00974DA1 /* Satoshi-BoldItalic.otf */ = {isa = PBXFileReference; lastKnownFileType = file; path = "Satoshi-BoldItalic.otf"; sourceTree = "<group>"; };
		5F06CB492BEACEC900974DA1 /* Radius.swift */ = {isa = PBXFileReference; lastKnownFileType = sourcecode.swift; path = Radius.swift; sourceTree = "<group>"; };
		5F06CB4B2BEAD09700974DA1 /* Palette.swift */ = {isa = PBXFileReference; lastKnownFileType = sourcecode.swift; path = Palette.swift; sourceTree = "<group>"; };
		5F08C92E2BEB53DA00BED4E9 /* Line.swift */ = {isa = PBXFileReference; lastKnownFileType = sourcecode.swift; path = Line.swift; sourceTree = "<group>"; };
		5FFC55722BEB6823001A1274 /* LineChartView.swift */ = {isa = PBXFileReference; lastKnownFileType = sourcecode.swift; path = LineChartView.swift; sourceTree = "<group>"; };
		5FFC55742BEB7D93001A1274 /* String+toDate.swift */ = {isa = PBXFileReference; lastKnownFileType = sourcecode.swift; path = "String+toDate.swift"; sourceTree = "<group>"; };
		5FFC55782BEB8130001A1274 /* FetchEnergyUseCase.swift */ = {isa = PBXFileReference; lastKnownFileType = sourcecode.swift; path = FetchEnergyUseCase.swift; sourceTree = "<group>"; };
		5FFC557A2BEB815E001A1274 /* StandardFetchEnergyUseCase.swift */ = {isa = PBXFileReference; lastKnownFileType = sourcecode.swift; path = StandardFetchEnergyUseCase.swift; sourceTree = "<group>"; };
		5FFC557C2BEB81D0001A1274 /* FetchEnergyUseCase+Dependencies.swift */ = {isa = PBXFileReference; lastKnownFileType = sourcecode.swift; path = "FetchEnergyUseCase+Dependencies.swift"; sourceTree = "<group>"; };
		5FFC55822BEB8456001A1274 /* bright-widget-appTests.xctest */ = {isa = PBXFileReference; explicitFileType = wrapper.cfbundle; includeInIndex = 0; path = "bright-widget-appTests.xctest"; sourceTree = BUILT_PRODUCTS_DIR; };
		5FFC55842BEB8456001A1274 /* bright_widget_appTests.swift */ = {isa = PBXFileReference; lastKnownFileType = sourcecode.swift; path = bright_widget_appTests.swift; sourceTree = "<group>"; };
		5FFC558B2BEB84A1001A1274 /* MockHomeRepository.swift */ = {isa = PBXFileReference; lastKnownFileType = sourcecode.swift; path = MockHomeRepository.swift; sourceTree = "<group>"; };
		5FFC558D2BEB85CD001A1274 /* MockFetchEnergyUseCase.swift */ = {isa = PBXFileReference; lastKnownFileType = sourcecode.swift; path = MockFetchEnergyUseCase.swift; sourceTree = "<group>"; };
		5FFC558F2BEB86E3001A1274 /* StandardFetchEnergyUseCaseTests.swift */ = {isa = PBXFileReference; lastKnownFileType = sourcecode.swift; path = StandardFetchEnergyUseCaseTests.swift; sourceTree = "<group>"; };
		5FFC55912BEB87BB001A1274 /* HomeViewModelTests.swift */ = {isa = PBXFileReference; lastKnownFileType = sourcecode.swift; path = HomeViewModelTests.swift; sourceTree = "<group>"; };
/* End PBXFileReference section */

/* Begin PBXFrameworksBuildPhase section */
		5F06CADD2BEA938300974DA1 /* Frameworks */ = {
			isa = PBXFrameworksBuildPhase;
			buildActionMask = 2147483647;
			files = (
				5F06CAFB2BEA958000974DA1 /* DependenciesMacros in Frameworks */,
				5F06CAF92BEA958000974DA1 /* Dependencies in Frameworks */,
			);
			runOnlyForDeploymentPostprocessing = 0;
		};
		5FFC557F2BEB8456001A1274 /* Frameworks */ = {
			isa = PBXFrameworksBuildPhase;
			buildActionMask = 2147483647;
			files = (
			);
			runOnlyForDeploymentPostprocessing = 0;
		};
/* End PBXFrameworksBuildPhase section */

/* Begin PBXGroup section */
		5F06CAD72BEA938300974DA1 = {
			isa = PBXGroup;
			children = (
				5F06CAE22BEA938300974DA1 /* bright-widget-app */,
				5FFC55832BEB8456001A1274 /* bright-widget-appTests */,
				5F06CAE12BEA938300974DA1 /* Products */,
			);
			sourceTree = "<group>";
		};
		5F06CAE12BEA938300974DA1 /* Products */ = {
			isa = PBXGroup;
			children = (
				5F06CAE02BEA938300974DA1 /* bright-widget-app.app */,
				5FFC55822BEB8456001A1274 /* bright-widget-appTests.xctest */,
			);
			name = Products;
			sourceTree = "<group>";
		};
		5F06CAE22BEA938300974DA1 /* bright-widget-app */ = {
			isa = PBXGroup;
			children = (
				5F06CB2F2BEAA8CF00974DA1 /* Info.plist */,
				5F06CAF12BEA941C00974DA1 /* sample1.json */,
				5F06CAE32BEA938300974DA1 /* bright_widget_appApp.swift */,
				5F08C9302BEB5A2C00BED4E9 /* Extensions */,
				5F08C92D2BEB53D200BED4E9 /* ReusableUI */,
				5F06CB242BEAA88C00974DA1 /* project_fonts */,
				5F06CB1C2BEAA3C300974DA1 /* Styleguide */,
				5F06CAF42BEA94BA00974DA1 /* Core */,
				5F06CB0D2BEA9BD700974DA1 /* Home */,
				5F06CAE72BEA938400974DA1 /* Assets.xcassets */,
				5F06CAE92BEA938400974DA1 /* Preview Content */,
			);
			path = "bright-widget-app";
			sourceTree = "<group>";
		};
		5F06CAE92BEA938400974DA1 /* Preview Content */ = {
			isa = PBXGroup;
			children = (
				5F06CAEA2BEA938400974DA1 /* Preview Assets.xcassets */,
			);
			path = "Preview Content";
			sourceTree = "<group>";
		};
		5F06CAF32BEA948600974DA1 /* Data */ = {
			isa = PBXGroup;
			children = (
				5F06CB0A2BEA9B5000974DA1 /* DataProvider */,
				5F06CB1A2BEAA2E900974DA1 /* Response.swift */,
			);
			path = Data;
			sourceTree = "<group>";
		};
		5F06CAF42BEA94BA00974DA1 /* Core */ = {
			isa = PBXGroup;
			children = (
				5F06CAF52BEA94C500974DA1 /* ViewModel.swift */,
				5F06CAF32BEA948600974DA1 /* Data */,
			);
			path = Core;
			sourceTree = "<group>";
		};
		5F06CB0A2BEA9B5000974DA1 /* DataProvider */ = {
			isa = PBXGroup;
			children = (
				5F06CB042BEA97C500974DA1 /* DataProvider.swift */,
				5F06CB0B2BEA9B6C00974DA1 /* LocalDataProvider+Dependencies.swift */,
				5F06CB082BEA98AC00974DA1 /* LocalDataProvider.swift */,
			);
			path = DataProvider;
			sourceTree = "<group>";
		};
		5F06CB0D2BEA9BD700974DA1 /* Home */ = {
			isa = PBXGroup;
			children = (
				5FFC55772BEB8109001A1274 /* UseCase */,
				5F06CB102BEA9BE900974DA1 /* Data */,
				5F06CB112BEA9BEE00974DA1 /* Presentation */,
			);
			path = Home;
			sourceTree = "<group>";
		};
		5F06CB102BEA9BE900974DA1 /* Data */ = {
			isa = PBXGroup;
			children = (
				5F06CAFC2BEA95F700974DA1 /* HomeRepository.swift */,
				5F06CB162BEA9E3600974DA1 /* HomeRepository+Dependencies.swift */,
				5F06CB022BEA974F00974DA1 /* StandardHomeRepository.swift */,
				5F06CB002BEA970900974DA1 /* EnergyResponse.swift */,
				5F06CAFE2BEA96FD00974DA1 /* HomeRepositoryError.swift */,
			);
			path = Data;
			sourceTree = "<group>";
		};
		5F06CB112BEA9BEE00974DA1 /* Presentation */ = {
			isa = PBXGroup;
			children = (
				5F06CB0E2BEA9BE100974DA1 /* HomeViewModel.swift */,
				5F06CB182BEAA0AB00974DA1 /* HomeView.swift */,
				5FFC55722BEB6823001A1274 /* LineChartView.swift */,
				5F06CB122BEA9DB400974DA1 /* HomeViewState.swift */,
				5F06CB142BEA9DBA00974DA1 /* HomeViewEvent.swift */,
			);
			path = Presentation;
			sourceTree = "<group>";
		};
		5F06CB1C2BEAA3C300974DA1 /* Styleguide */ = {
			isa = PBXGroup;
			children = (
				5F06CB492BEACEC900974DA1 /* Radius.swift */,
				5F06CB1D2BEAA3CE00974DA1 /* Spacing.swift */,
				5F06CB4B2BEAD09700974DA1 /* Palette.swift */,
				5F06CB212BEAA51800974DA1 /* TextStyles */,
			);
			path = Styleguide;
			sourceTree = "<group>";
		};
		5F06CB212BEAA51800974DA1 /* TextStyles */ = {
			isa = PBXGroup;
			children = (
				5F06CB1F2BEAA50A00974DA1 /* TextStyle.swift */,
				5F06CB222BEAA7E800974DA1 /* TextStyle+Styles.swift */,
			);
			path = TextStyles;
			sourceTree = "<group>";
		};
		5F06CB242BEAA88C00974DA1 /* project_fonts */ = {
			isa = PBXGroup;
			children = (
				5F06CB392BEAAB2B00974DA1 /* Satoshi-Black.otf */,
				5F06CB3B2BEAAB2B00974DA1 /* Satoshi-BlackItalic.otf */,
				5F06CB3D2BEAAB2B00974DA1 /* Satoshi-Bold.otf */,
				5F06CB3E2BEAAB2B00974DA1 /* Satoshi-BoldItalic.otf */,
				5F06CB362BEAAB2B00974DA1 /* Satoshi-Italic.otf */,
				5F06CB352BEAAB2B00974DA1 /* Satoshi-Light.otf */,
				5F06CB382BEAAB2B00974DA1 /* Satoshi-LightItalic.otf */,
				5F06CB3A2BEAAB2B00974DA1 /* Satoshi-Medium.otf */,
				5F06CB372BEAAB2B00974DA1 /* Satoshi-MediumItalic.otf */,
				5F06CB3C2BEAAB2B00974DA1 /* Satoshi-Regular.otf */,
			);
			path = project_fonts;
			sourceTree = "<group>";
		};
		5F08C92D2BEB53D200BED4E9 /* ReusableUI */ = {
			isa = PBXGroup;
			children = (
				5F08C92E2BEB53DA00BED4E9 /* Line.swift */,
			);
			path = ReusableUI;
			sourceTree = "<group>";
		};
		5F08C9302BEB5A2C00BED4E9 /* Extensions */ = {
			isa = PBXGroup;
			children = (
				5FFC55742BEB7D93001A1274 /* String+toDate.swift */,
			);
			path = Extensions;
			sourceTree = "<group>";
		};
		5FFC55772BEB8109001A1274 /* UseCase */ = {
			isa = PBXGroup;
			children = (
				5FFC55782BEB8130001A1274 /* FetchEnergyUseCase.swift */,
				5FFC557A2BEB815E001A1274 /* StandardFetchEnergyUseCase.swift */,
				5FFC557C2BEB81D0001A1274 /* FetchEnergyUseCase+Dependencies.swift */,
			);
			path = UseCase;
			sourceTree = "<group>";
		};
		5FFC55832BEB8456001A1274 /* bright-widget-appTests */ = {
			isa = PBXGroup;
			children = (
				5FFC55842BEB8456001A1274 /* bright_widget_appTests.swift */,
				5FFC558B2BEB84A1001A1274 /* MockHomeRepository.swift */,
				5FFC558D2BEB85CD001A1274 /* MockFetchEnergyUseCase.swift */,
				5FFC558F2BEB86E3001A1274 /* StandardFetchEnergyUseCaseTests.swift */,
				5FFC55912BEB87BB001A1274 /* HomeViewModelTests.swift */,
			);
			path = "bright-widget-appTests";
			sourceTree = "<group>";
		};
/* End PBXGroup section */

/* Begin PBXNativeTarget section */
		5F06CADF2BEA938300974DA1 /* bright-widget-app */ = {
			isa = PBXNativeTarget;
			buildConfigurationList = 5F06CAEE2BEA938400974DA1 /* Build configuration list for PBXNativeTarget "bright-widget-app" */;
			buildPhases = (
				5F06CADC2BEA938300974DA1 /* Sources */,
				5F06CADD2BEA938300974DA1 /* Frameworks */,
				5F06CADE2BEA938300974DA1 /* Resources */,
			);
			buildRules = (
			);
			dependencies = (
			);
			name = "bright-widget-app";
			packageProductDependencies = (
				5F06CAF82BEA958000974DA1 /* Dependencies */,
				5F06CAFA2BEA958000974DA1 /* DependenciesMacros */,
			);
			productName = "bright-widget-app";
			productReference = 5F06CAE02BEA938300974DA1 /* bright-widget-app.app */;
			productType = "com.apple.product-type.application";
		};
		5FFC55812BEB8456001A1274 /* bright-widget-appTests */ = {
			isa = PBXNativeTarget;
			buildConfigurationList = 5FFC55882BEB8456001A1274 /* Build configuration list for PBXNativeTarget "bright-widget-appTests" */;
			buildPhases = (
				5FFC557E2BEB8456001A1274 /* Sources */,
				5FFC557F2BEB8456001A1274 /* Frameworks */,
				5FFC55802BEB8456001A1274 /* Resources */,
			);
			buildRules = (
			);
			dependencies = (
				5FFC55872BEB8456001A1274 /* PBXTargetDependency */,
			);
			name = "bright-widget-appTests";
			productName = "bright-widget-appTests";
			productReference = 5FFC55822BEB8456001A1274 /* bright-widget-appTests.xctest */;
			productType = "com.apple.product-type.bundle.unit-test";
		};
/* End PBXNativeTarget section */

/* Begin PBXProject section */
		5F06CAD82BEA938300974DA1 /* Project object */ = {
			isa = PBXProject;
			attributes = {
				BuildIndependentTargetsInParallel = 1;
				LastSwiftUpdateCheck = 1530;
				LastUpgradeCheck = 1530;
				TargetAttributes = {
					5F06CADF2BEA938300974DA1 = {
						CreatedOnToolsVersion = 15.3;
					};
					5FFC55812BEB8456001A1274 = {
						CreatedOnToolsVersion = 15.3;
						TestTargetID = 5F06CADF2BEA938300974DA1;
					};
				};
			};
			buildConfigurationList = 5F06CADB2BEA938300974DA1 /* Build configuration list for PBXProject "bright-widget-app" */;
			compatibilityVersion = "Xcode 14.0";
			developmentRegion = en;
			hasScannedForEncodings = 0;
			knownRegions = (
				en,
				Base,
			);
			mainGroup = 5F06CAD72BEA938300974DA1;
			packageReferences = (
				5F06CAF72BEA958000974DA1 /* XCRemoteSwiftPackageReference "swift-dependencies" */,
			);
			productRefGroup = 5F06CAE12BEA938300974DA1 /* Products */;
			projectDirPath = "";
			projectRoot = "";
			targets = (
				5F06CADF2BEA938300974DA1 /* bright-widget-app */,
				5FFC55812BEB8456001A1274 /* bright-widget-appTests */,
			);
		};
/* End PBXProject section */

/* Begin PBXResourcesBuildPhase section */
		5F06CADE2BEA938300974DA1 /* Resources */ = {
			isa = PBXResourcesBuildPhase;
			buildActionMask = 2147483647;
			files = (
				5F06CB472BEAAB2C00974DA1 /* Satoshi-Bold.otf in Resources */,
				5F06CB412BEAAB2C00974DA1 /* Satoshi-MediumItalic.otf in Resources */,
				5F06CB3F2BEAAB2C00974DA1 /* Satoshi-Light.otf in Resources */,
				5F06CB442BEAAB2C00974DA1 /* Satoshi-Medium.otf in Resources */,
				5F06CAEB2BEA938400974DA1 /* Preview Assets.xcassets in Resources */,
				5F06CAE82BEA938400974DA1 /* Assets.xcassets in Resources */,
				5F06CB452BEAAB2C00974DA1 /* Satoshi-BlackItalic.otf in Resources */,
				5F06CB402BEAAB2C00974DA1 /* Satoshi-Italic.otf in Resources */,
				5F06CB432BEAAB2C00974DA1 /* Satoshi-Black.otf in Resources */,
				5F06CAF22BEA941C00974DA1 /* sample1.json in Resources */,
				5F06CB422BEAAB2C00974DA1 /* Satoshi-LightItalic.otf in Resources */,
				5F06CB462BEAAB2C00974DA1 /* Satoshi-Regular.otf in Resources */,
				5F06CB482BEAAB2C00974DA1 /* Satoshi-BoldItalic.otf in Resources */,
			);
			runOnlyForDeploymentPostprocessing = 0;
		};
		5FFC55802BEB8456001A1274 /* Resources */ = {
			isa = PBXResourcesBuildPhase;
			buildActionMask = 2147483647;
			files = (
			);
			runOnlyForDeploymentPostprocessing = 0;
		};
/* End PBXResourcesBuildPhase section */

/* Begin PBXSourcesBuildPhase section */
		5F06CADC2BEA938300974DA1 /* Sources */ = {
			isa = PBXSourcesBuildPhase;
			buildActionMask = 2147483647;
			files = (
				5F06CB232BEAA7E800974DA1 /* TextStyle+Styles.swift in Sources */,
				5FFC55752BEB7D93001A1274 /* String+toDate.swift in Sources */,
				5F06CB012BEA970900974DA1 /* EnergyResponse.swift in Sources */,
				5F06CB0F2BEA9BE100974DA1 /* HomeViewModel.swift in Sources */,
				5F06CB032BEA974F00974DA1 /* StandardHomeRepository.swift in Sources */,
				5F06CB192BEAA0AB00974DA1 /* HomeView.swift in Sources */,
				5F06CB202BEAA50A00974DA1 /* TextStyle.swift in Sources */,
				5F06CB132BEA9DB400974DA1 /* HomeViewState.swift in Sources */,
				5FFC557D2BEB81D0001A1274 /* FetchEnergyUseCase+Dependencies.swift in Sources */,
				5FFC557B2BEB815E001A1274 /* StandardFetchEnergyUseCase.swift in Sources */,
				5F06CB4C2BEAD09700974DA1 /* Palette.swift in Sources */,
				5F06CB052BEA97C500974DA1 /* DataProvider.swift in Sources */,
				5F06CB172BEA9E3600974DA1 /* HomeRepository+Dependencies.swift in Sources */,
				5F06CB152BEA9DBA00974DA1 /* HomeViewEvent.swift in Sources */,
				5F06CB1B2BEAA2E900974DA1 /* Response.swift in Sources */,
				5F08C92F2BEB53DA00BED4E9 /* Line.swift in Sources */,
				5FFC55732BEB6823001A1274 /* LineChartView.swift in Sources */,
				5F06CAF62BEA94C500974DA1 /* ViewModel.swift in Sources */,
				5F06CB0C2BEA9B6C00974DA1 /* LocalDataProvider+Dependencies.swift in Sources */,
				5F06CB4A2BEACEC900974DA1 /* Radius.swift in Sources */,
				5F06CAFF2BEA96FD00974DA1 /* HomeRepositoryError.swift in Sources */,
				5FFC55792BEB8130001A1274 /* FetchEnergyUseCase.swift in Sources */,
				5F06CAFD2BEA95F700974DA1 /* HomeRepository.swift in Sources */,
				5F06CB1E2BEAA3CE00974DA1 /* Spacing.swift in Sources */,
				5F06CAE42BEA938300974DA1 /* bright_widget_appApp.swift in Sources */,
				5F06CB092BEA98AC00974DA1 /* LocalDataProvider.swift in Sources */,
			);
			runOnlyForDeploymentPostprocessing = 0;
		};
		5FFC557E2BEB8456001A1274 /* Sources */ = {
			isa = PBXSourcesBuildPhase;
			buildActionMask = 2147483647;
			files = (
				5FFC55922BEB87BB001A1274 /* HomeViewModelTests.swift in Sources */,
				5FFC558E2BEB85CD001A1274 /* MockFetchEnergyUseCase.swift in Sources */,
				5FFC55902BEB86E3001A1274 /* StandardFetchEnergyUseCaseTests.swift in Sources */,
				5FFC558C2BEB84A1001A1274 /* MockHomeRepository.swift in Sources */,
				5FFC55852BEB8456001A1274 /* bright_widget_appTests.swift in Sources */,
			);
			runOnlyForDeploymentPostprocessing = 0;
		};
/* End PBXSourcesBuildPhase section */

/* Begin PBXTargetDependency section */
		5FFC55872BEB8456001A1274 /* PBXTargetDependency */ = {
			isa = PBXTargetDependency;
			target = 5F06CADF2BEA938300974DA1 /* bright-widget-app */;
			targetProxy = 5FFC55862BEB8456001A1274 /* PBXContainerItemProxy */;
		};
/* End PBXTargetDependency section */

/* Begin XCBuildConfiguration section */
		5F06CAEC2BEA938400974DA1 /* Debug */ = {
			isa = XCBuildConfiguration;
			buildSettings = {
				ALWAYS_SEARCH_USER_PATHS = NO;
				ASSETCATALOG_COMPILER_GENERATE_SWIFT_ASSET_SYMBOL_EXTENSIONS = YES;
				CLANG_ANALYZER_NONNULL = YES;
				CLANG_ANALYZER_NUMBER_OBJECT_CONVERSION = YES_AGGRESSIVE;
				CLANG_CXX_LANGUAGE_STANDARD = "gnu++20";
				CLANG_ENABLE_MODULES = YES;
				CLANG_ENABLE_OBJC_ARC = YES;
				CLANG_ENABLE_OBJC_WEAK = YES;
				CLANG_WARN_BLOCK_CAPTURE_AUTORELEASING = YES;
				CLANG_WARN_BOOL_CONVERSION = YES;
				CLANG_WARN_COMMA = YES;
				CLANG_WARN_CONSTANT_CONVERSION = YES;
				CLANG_WARN_DEPRECATED_OBJC_IMPLEMENTATIONS = YES;
				CLANG_WARN_DIRECT_OBJC_ISA_USAGE = YES_ERROR;
				CLANG_WARN_DOCUMENTATION_COMMENTS = YES;
				CLANG_WARN_EMPTY_BODY = YES;
				CLANG_WARN_ENUM_CONVERSION = YES;
				CLANG_WARN_INFINITE_RECURSION = YES;
				CLANG_WARN_INT_CONVERSION = YES;
				CLANG_WARN_NON_LITERAL_NULL_CONVERSION = YES;
				CLANG_WARN_OBJC_IMPLICIT_RETAIN_SELF = YES;
				CLANG_WARN_OBJC_LITERAL_CONVERSION = YES;
				CLANG_WARN_OBJC_ROOT_CLASS = YES_ERROR;
				CLANG_WARN_QUOTED_INCLUDE_IN_FRAMEWORK_HEADER = YES;
				CLANG_WARN_RANGE_LOOP_ANALYSIS = YES;
				CLANG_WARN_STRICT_PROTOTYPES = YES;
				CLANG_WARN_SUSPICIOUS_MOVE = YES;
				CLANG_WARN_UNGUARDED_AVAILABILITY = YES_AGGRESSIVE;
				CLANG_WARN_UNREACHABLE_CODE = YES;
				CLANG_WARN__DUPLICATE_METHOD_MATCH = YES;
				COPY_PHASE_STRIP = NO;
				DEBUG_INFORMATION_FORMAT = dwarf;
				ENABLE_STRICT_OBJC_MSGSEND = YES;
				ENABLE_TESTABILITY = YES;
				ENABLE_USER_SCRIPT_SANDBOXING = YES;
				GCC_C_LANGUAGE_STANDARD = gnu17;
				GCC_DYNAMIC_NO_PIC = NO;
				GCC_NO_COMMON_BLOCKS = YES;
				GCC_OPTIMIZATION_LEVEL = 0;
				GCC_PREPROCESSOR_DEFINITIONS = (
					"DEBUG=1",
					"$(inherited)",
				);
				GCC_WARN_64_TO_32_BIT_CONVERSION = YES;
				GCC_WARN_ABOUT_RETURN_TYPE = YES_ERROR;
				GCC_WARN_UNDECLARED_SELECTOR = YES;
				GCC_WARN_UNINITIALIZED_AUTOS = YES_AGGRESSIVE;
				GCC_WARN_UNUSED_FUNCTION = YES;
				GCC_WARN_UNUSED_VARIABLE = YES;
				IPHONEOS_DEPLOYMENT_TARGET = 17.4;
				LOCALIZATION_PREFERS_STRING_CATALOGS = YES;
				MTL_ENABLE_DEBUG_INFO = INCLUDE_SOURCE;
				MTL_FAST_MATH = YES;
				ONLY_ACTIVE_ARCH = YES;
				SDKROOT = iphoneos;
				SWIFT_ACTIVE_COMPILATION_CONDITIONS = "DEBUG $(inherited)";
				SWIFT_OPTIMIZATION_LEVEL = "-Onone";
			};
			name = Debug;
		};
		5F06CAED2BEA938400974DA1 /* Release */ = {
			isa = XCBuildConfiguration;
			buildSettings = {
				ALWAYS_SEARCH_USER_PATHS = NO;
				ASSETCATALOG_COMPILER_GENERATE_SWIFT_ASSET_SYMBOL_EXTENSIONS = YES;
				CLANG_ANALYZER_NONNULL = YES;
				CLANG_ANALYZER_NUMBER_OBJECT_CONVERSION = YES_AGGRESSIVE;
				CLANG_CXX_LANGUAGE_STANDARD = "gnu++20";
				CLANG_ENABLE_MODULES = YES;
				CLANG_ENABLE_OBJC_ARC = YES;
				CLANG_ENABLE_OBJC_WEAK = YES;
				CLANG_WARN_BLOCK_CAPTURE_AUTORELEASING = YES;
				CLANG_WARN_BOOL_CONVERSION = YES;
				CLANG_WARN_COMMA = YES;
				CLANG_WARN_CONSTANT_CONVERSION = YES;
				CLANG_WARN_DEPRECATED_OBJC_IMPLEMENTATIONS = YES;
				CLANG_WARN_DIRECT_OBJC_ISA_USAGE = YES_ERROR;
				CLANG_WARN_DOCUMENTATION_COMMENTS = YES;
				CLANG_WARN_EMPTY_BODY = YES;
				CLANG_WARN_ENUM_CONVERSION = YES;
				CLANG_WARN_INFINITE_RECURSION = YES;
				CLANG_WARN_INT_CONVERSION = YES;
				CLANG_WARN_NON_LITERAL_NULL_CONVERSION = YES;
				CLANG_WARN_OBJC_IMPLICIT_RETAIN_SELF = YES;
				CLANG_WARN_OBJC_LITERAL_CONVERSION = YES;
				CLANG_WARN_OBJC_ROOT_CLASS = YES_ERROR;
				CLANG_WARN_QUOTED_INCLUDE_IN_FRAMEWORK_HEADER = YES;
				CLANG_WARN_RANGE_LOOP_ANALYSIS = YES;
				CLANG_WARN_STRICT_PROTOTYPES = YES;
				CLANG_WARN_SUSPICIOUS_MOVE = YES;
				CLANG_WARN_UNGUARDED_AVAILABILITY = YES_AGGRESSIVE;
				CLANG_WARN_UNREACHABLE_CODE = YES;
				CLANG_WARN__DUPLICATE_METHOD_MATCH = YES;
				COPY_PHASE_STRIP = NO;
				DEBUG_INFORMATION_FORMAT = "dwarf-with-dsym";
				ENABLE_NS_ASSERTIONS = NO;
				ENABLE_STRICT_OBJC_MSGSEND = YES;
				ENABLE_USER_SCRIPT_SANDBOXING = YES;
				GCC_C_LANGUAGE_STANDARD = gnu17;
				GCC_NO_COMMON_BLOCKS = YES;
				GCC_WARN_64_TO_32_BIT_CONVERSION = YES;
				GCC_WARN_ABOUT_RETURN_TYPE = YES_ERROR;
				GCC_WARN_UNDECLARED_SELECTOR = YES;
				GCC_WARN_UNINITIALIZED_AUTOS = YES_AGGRESSIVE;
				GCC_WARN_UNUSED_FUNCTION = YES;
				GCC_WARN_UNUSED_VARIABLE = YES;
				IPHONEOS_DEPLOYMENT_TARGET = 17.4;
				LOCALIZATION_PREFERS_STRING_CATALOGS = YES;
				MTL_ENABLE_DEBUG_INFO = NO;
				MTL_FAST_MATH = YES;
				SDKROOT = iphoneos;
				SWIFT_COMPILATION_MODE = wholemodule;
				VALIDATE_PRODUCT = YES;
			};
			name = Release;
		};
		5F06CAEF2BEA938400974DA1 /* Debug */ = {
			isa = XCBuildConfiguration;
			buildSettings = {
				ASSETCATALOG_COMPILER_APPICON_NAME = AppIcon;
				ASSETCATALOG_COMPILER_GLOBAL_ACCENT_COLOR_NAME = AccentColor;
				CODE_SIGN_STYLE = Automatic;
				CURRENT_PROJECT_VERSION = 1;
				DEVELOPMENT_ASSET_PATHS = "\"bright-widget-app/Preview Content\"";
				DEVELOPMENT_TEAM = Y73KUL737G;
				ENABLE_PREVIEWS = YES;
				GENERATE_INFOPLIST_FILE = YES;
				INFOPLIST_FILE = "bright-widget-app/Info.plist";
				INFOPLIST_KEY_UIApplicationSceneManifest_Generation = YES;
				INFOPLIST_KEY_UIApplicationSupportsIndirectInputEvents = YES;
				INFOPLIST_KEY_UILaunchScreen_Generation = YES;
				INFOPLIST_KEY_UISupportedInterfaceOrientations_iPad = "UIInterfaceOrientationPortrait UIInterfaceOrientationPortraitUpsideDown UIInterfaceOrientationLandscapeLeft UIInterfaceOrientationLandscapeRight";
				INFOPLIST_KEY_UISupportedInterfaceOrientations_iPhone = "UIInterfaceOrientationPortrait UIInterfaceOrientationLandscapeLeft UIInterfaceOrientationLandscapeRight";
				LD_RUNPATH_SEARCH_PATHS = (
					"$(inherited)",
					"@executable_path/Frameworks",
				);
				MARKETING_VERSION = 1.0;
				PRODUCT_BUNDLE_IDENTIFIER = "com.luka.bright-widget-app";
				PRODUCT_NAME = "$(TARGET_NAME)";
				SUPPORTED_PLATFORMS = "iphoneos iphonesimulator";
				SUPPORTS_MACCATALYST = NO;
				SUPPORTS_MAC_DESIGNED_FOR_IPHONE_IPAD = NO;
				SUPPORTS_XR_DESIGNED_FOR_IPHONE_IPAD = NO;
				SWIFT_EMIT_LOC_STRINGS = YES;
				SWIFT_VERSION = 5.0;
				TARGETED_DEVICE_FAMILY = 1;
			};
			name = Debug;
		};
		5F06CAF02BEA938400974DA1 /* Release */ = {
			isa = XCBuildConfiguration;
			buildSettings = {
				ASSETCATALOG_COMPILER_APPICON_NAME = AppIcon;
				ASSETCATALOG_COMPILER_GLOBAL_ACCENT_COLOR_NAME = AccentColor;
				CODE_SIGN_STYLE = Automatic;
				CURRENT_PROJECT_VERSION = 1;
				DEVELOPMENT_ASSET_PATHS = "\"bright-widget-app/Preview Content\"";
				DEVELOPMENT_TEAM = Y73KUL737G;
				ENABLE_PREVIEWS = YES;
				GENERATE_INFOPLIST_FILE = YES;
				INFOPLIST_FILE = "bright-widget-app/Info.plist";
				INFOPLIST_KEY_UIApplicationSceneManifest_Generation = YES;
				INFOPLIST_KEY_UIApplicationSupportsIndirectInputEvents = YES;
				INFOPLIST_KEY_UILaunchScreen_Generation = YES;
				INFOPLIST_KEY_UISupportedInterfaceOrientations_iPad = "UIInterfaceOrientationPortrait UIInterfaceOrientationPortraitUpsideDown UIInterfaceOrientationLandscapeLeft UIInterfaceOrientationLandscapeRight";
				INFOPLIST_KEY_UISupportedInterfaceOrientations_iPhone = "UIInterfaceOrientationPortrait UIInterfaceOrientationLandscapeLeft UIInterfaceOrientationLandscapeRight";
				LD_RUNPATH_SEARCH_PATHS = (
					"$(inherited)",
					"@executable_path/Frameworks",
				);
				MARKETING_VERSION = 1.0;
				PRODUCT_BUNDLE_IDENTIFIER = "com.luka.bright-widget-app";
				PRODUCT_NAME = "$(TARGET_NAME)";
				SUPPORTED_PLATFORMS = "iphoneos iphonesimulator";
				SUPPORTS_MACCATALYST = NO;
				SUPPORTS_MAC_DESIGNED_FOR_IPHONE_IPAD = NO;
				SUPPORTS_XR_DESIGNED_FOR_IPHONE_IPAD = NO;
				SWIFT_EMIT_LOC_STRINGS = YES;
				SWIFT_VERSION = 5.0;
				TARGETED_DEVICE_FAMILY = 1;
			};
			name = Release;
		};
		5FFC55892BEB8456001A1274 /* Debug */ = {
			isa = XCBuildConfiguration;
			buildSettings = {
				BUNDLE_LOADER = "$(TEST_HOST)";
				CODE_SIGN_STYLE = Automatic;
				CURRENT_PROJECT_VERSION = 1;
				DEVELOPMENT_TEAM = Y73KUL737G;
				GENERATE_INFOPLIST_FILE = YES;
				MARKETING_VERSION = 1.0;
				PRODUCT_BUNDLE_IDENTIFIER = "com.luka.bright-widget-appTests";
				PRODUCT_NAME = "$(TARGET_NAME)";
				SWIFT_EMIT_LOC_STRINGS = NO;
				SWIFT_VERSION = 5.0;
				TARGETED_DEVICE_FAMILY = "1,2";
				TEST_HOST = "$(BUILT_PRODUCTS_DIR)/bright-widget-app.app/$(BUNDLE_EXECUTABLE_FOLDER_PATH)/bright-widget-app";
			};
			name = Debug;
		};
		5FFC558A2BEB8456001A1274 /* Release */ = {
			isa = XCBuildConfiguration;
			buildSettings = {
				BUNDLE_LOADER = "$(TEST_HOST)";
				CODE_SIGN_STYLE = Automatic;
				CURRENT_PROJECT_VERSION = 1;
				DEVELOPMENT_TEAM = Y73KUL737G;
				GENERATE_INFOPLIST_FILE = YES;
				MARKETING_VERSION = 1.0;
				PRODUCT_BUNDLE_IDENTIFIER = "com.luka.bright-widget-appTests";
				PRODUCT_NAME = "$(TARGET_NAME)";
				SWIFT_EMIT_LOC_STRINGS = NO;
				SWIFT_VERSION = 5.0;
				TARGETED_DEVICE_FAMILY = "1,2";
				TEST_HOST = "$(BUILT_PRODUCTS_DIR)/bright-widget-app.app/$(BUNDLE_EXECUTABLE_FOLDER_PATH)/bright-widget-app";
			};
			name = Release;
		};
/* End XCBuildConfiguration section */

/* Begin XCConfigurationList section */
		5F06CADB2BEA938300974DA1 /* Build configuration list for PBXProject "bright-widget-app" */ = {
			isa = XCConfigurationList;
			buildConfigurations = (
				5F06CAEC2BEA938400974DA1 /* Debug */,
				5F06CAED2BEA938400974DA1 /* Release */,
			);
			defaultConfigurationIsVisible = 0;
			defaultConfigurationName = Release;
		};
		5F06CAEE2BEA938400974DA1 /* Build configuration list for PBXNativeTarget "bright-widget-app" */ = {
			isa = XCConfigurationList;
			buildConfigurations = (
				5F06CAEF2BEA938400974DA1 /* Debug */,
				5F06CAF02BEA938400974DA1 /* Release */,
			);
			defaultConfigurationIsVisible = 0;
			defaultConfigurationName = Release;
		};
		5FFC55882BEB8456001A1274 /* Build configuration list for PBXNativeTarget "bright-widget-appTests" */ = {
			isa = XCConfigurationList;
			buildConfigurations = (
				5FFC55892BEB8456001A1274 /* Debug */,
				5FFC558A2BEB8456001A1274 /* Release */,
			);
			defaultConfigurationIsVisible = 0;
			defaultConfigurationName = Release;
		};
/* End XCConfigurationList section */

/* Begin XCRemoteSwiftPackageReference section */
		5F06CAF72BEA958000974DA1 /* XCRemoteSwiftPackageReference "swift-dependencies" */ = {
			isa = XCRemoteSwiftPackageReference;
			repositoryURL = "https://github.com/pointfreeco/swift-dependencies.git";
			requirement = {
				kind = upToNextMajorVersion;
				minimumVersion = 1.2.2;
			};
		};
/* End XCRemoteSwiftPackageReference section */

/* Begin XCSwiftPackageProductDependency section */
		5F06CAF82BEA958000974DA1 /* Dependencies */ = {
			isa = XCSwiftPackageProductDependency;
			package = 5F06CAF72BEA958000974DA1 /* XCRemoteSwiftPackageReference "swift-dependencies" */;
			productName = Dependencies;
		};
		5F06CAFA2BEA958000974DA1 /* DependenciesMacros */ = {
			isa = XCSwiftPackageProductDependency;
			package = 5F06CAF72BEA958000974DA1 /* XCRemoteSwiftPackageReference "swift-dependencies" */;
			productName = DependenciesMacros;
		};
/* End XCSwiftPackageProductDependency section */
	};
	rootObject = 5F06CAD82BEA938300974DA1 /* Project object */;
}
